
Microsoft Visual Studio Solution File, Format Version 12.00
# Visual Studio Version 17
VisualStudioVersion = 17.0.31912.275
MinimumVisualStudioVersion = 10.0.40219.1
Project("{2150E333-8FDC-42A3-9474-1A3956D46DE8}") = "src", "src", "{00436295-75B0-48C5-ABEA-5C18AD55D1ED}"
EndProject
Project("{9A19103F-16F7-4668-BE54-9A1E7A4F7556}") = "Behlog.Cms", "src\Behlog.Cms\Behlog.Cms.csproj", "{2B06A35C-1D7C-4398-ACE5-7D40C86DBDE1}"
EndProject
Project("{9A19103F-16F7-4668-BE54-9A1E7A4F7556}") = "Behlog.Cms.EntityFrameworkCore", "src\Behlog.Cms.EntityFrameworkCore\Behlog.Cms.EntityFrameworkCore.csproj", "{8BD900C5-0B4A-4954-BC81-5A6D6FB50BAB}"
EndProject
Project("{9A19103F-16F7-4668-BE54-9A1E7A4F7556}") = "Behlog.Cms.EntityFrameworkCore.SqlServer", "src\Behlog.Cms.EntityFrameworkCore.SqlServer\Behlog.Cms.EntityFrameworkCore.SqlServer.csproj", "{65689FBA-53FB-4EE5-8607-2BF00FC32383}"
EndProject
Project("{9A19103F-16F7-4668-BE54-9A1E7A4F7556}") = "Behlog.Cms.EntityFrameworkCore.SQLite", "src\Behlog.Cms.EntityFrameworkCore.SQLite\Behlog.Cms.EntityFrameworkCore.SQLite.csproj", "{53B843E3-1FD9-443E-8FC7-6EDC663E0ADB}"
EndProject
Project("{2150E333-8FDC-42A3-9474-1A3956D46DE8}") = "test", "test", "{61CA0EFF-DCEC-4CD9-B433-EB112AB12815}"
EndProject
Project("{9A19103F-16F7-4668-BE54-9A1E7A4F7556}") = "Behlog.Cms.Domain.Tests", "test\Behlog.Cms.Domain.Tests\Behlog.Cms.Domain.Tests.csproj", "{C7944F6E-B34F-4F86-ADEA-2C090F7390EC}"
EndProject
Project("{2150E333-8FDC-42A3-9474-1A3956D46DE8}") = "Solution Items", "Solution Items", "{BA8E8BE8-D97B-42F2-A492-56B235AC7D76}"
	ProjectSection(SolutionItems) = preProject
		.editorconfig = .editorconfig
	EndProjectSection
EndProject
Project("{FAE04EC0-301F-11D3-BF4B-00C04F79EFBC}") = "Behlog.Cms.Resources", "src\Behlog.Cms.Resources\Behlog.Cms.Resources.csproj", "{E4E7C58F-432B-4F01-AA6E-9CE04B1BE813}"
EndProject
Global
	GlobalSection(SolutionConfigurationPlatforms) = preSolution
		Debug|Any CPU = Debug|Any CPU
		Release|Any CPU = Release|Any CPU
	EndGlobalSection
	GlobalSection(ProjectConfigurationPlatforms) = postSolution
		{2B06A35C-1D7C-4398-ACE5-7D40C86DBDE1}.Debug|Any CPU.ActiveCfg = Debug|Any CPU
		{2B06A35C-1D7C-4398-ACE5-7D40C86DBDE1}.Debug|Any CPU.Build.0 = Debug|Any CPU
		{2B06A35C-1D7C-4398-ACE5-7D40C86DBDE1}.Release|Any CPU.ActiveCfg = Release|Any CPU
		{2B06A35C-1D7C-4398-ACE5-7D40C86DBDE1}.Release|Any CPU.Build.0 = Release|Any CPU
		{8BD900C5-0B4A-4954-BC81-5A6D6FB50BAB}.Debug|Any CPU.ActiveCfg = Debug|Any CPU
		{8BD900C5-0B4A-4954-BC81-5A6D6FB50BAB}.Debug|Any CPU.Build.0 = Debug|Any CPU
		{8BD900C5-0B4A-4954-BC81-5A6D6FB50BAB}.Release|Any CPU.ActiveCfg = Release|Any CPU
		{8BD900C5-0B4A-4954-BC81-5A6D6FB50BAB}.Release|Any CPU.Build.0 = Release|Any CPU
		{65689FBA-53FB-4EE5-8607-2BF00FC32383}.Debug|Any CPU.ActiveCfg = Debug|Any CPU
		{65689FBA-53FB-4EE5-8607-2BF00FC32383}.Debug|Any CPU.Build.0 = Debug|Any CPU
		{65689FBA-53FB-4EE5-8607-2BF00FC32383}.Release|Any CPU.ActiveCfg = Release|Any CPU
		{65689FBA-53FB-4EE5-8607-2BF00FC32383}.Release|Any CPU.Build.0 = Release|Any CPU
		{53B843E3-1FD9-443E-8FC7-6EDC663E0ADB}.Debug|Any CPU.ActiveCfg = Debug|Any CPU
		{53B843E3-1FD9-443E-8FC7-6EDC663E0ADB}.Debug|Any CPU.Build.0 = Debug|Any CPU
		{53B843E3-1FD9-443E-8FC7-6EDC663E0ADB}.Release|Any CPU.ActiveCfg = Release|Any CPU
		{53B843E3-1FD9-443E-8FC7-6EDC663E0ADB}.Release|Any CPU.Build.0 = Release|Any CPU
		{C7944F6E-B34F-4F86-ADEA-2C090F7390EC}.Debug|Any CPU.ActiveCfg = Debug|Any CPU
		{C7944F6E-B34F-4F86-ADEA-2C090F7390EC}.Debug|Any CPU.Build.0 = Debug|Any CPU
		{C7944F6E-B34F-4F86-ADEA-2C090F7390EC}.Release|Any CPU.ActiveCfg = Release|Any CPU
		{C7944F6E-B34F-4F86-ADEA-2C090F7390EC}.Release|Any CPU.Build.0 = Release|Any CPU
		{E4E7C58F-432B-4F01-AA6E-9CE04B1BE813}.Debug|Any CPU.ActiveCfg = Debug|Any CPU
		{E4E7C58F-432B-4F01-AA6E-9CE04B1BE813}.Debug|Any CPU.Build.0 = Debug|Any CPU
		{E4E7C58F-432B-4F01-AA6E-9CE04B1BE813}.Release|Any CPU.ActiveCfg = Release|Any CPU
		{E4E7C58F-432B-4F01-AA6E-9CE04B1BE813}.Release|Any CPU.Build.0 = Release|Any CPU
	EndGlobalSection
	GlobalSection(SolutionProperties) = preSolution
		HideSolutionNode = FALSE
	EndGlobalSection
	GlobalSection(NestedProjects) = preSolution
		{2B06A35C-1D7C-4398-ACE5-7D40C86DBDE1} = {00436295-75B0-48C5-ABEA-5C18AD55D1ED}
		{8BD900C5-0B4A-4954-BC81-5A6D6FB50BAB} = {00436295-75B0-48C5-ABEA-5C18AD55D1ED}
		{65689FBA-53FB-4EE5-8607-2BF00FC32383} = {00436295-75B0-48C5-ABEA-5C18AD55D1ED}
		{53B843E3-1FD9-443E-8FC7-6EDC663E0ADB} = {00436295-75B0-48C5-ABEA-5C18AD55D1ED}
		{C7944F6E-B34F-4F86-ADEA-2C090F7390EC} = {61CA0EFF-DCEC-4CD9-B433-EB112AB12815}
		{E4E7C58F-432B-4F01-AA6E-9CE04B1BE813} = {00436295-75B0-48C5-ABEA-5C18AD55D1ED}
	EndGlobalSection
	GlobalSection(ExtensibilityGlobals) = postSolution
		SolutionGuid = {F5D38175-585D-4159-BB34-BE0C0A99414E}
	EndGlobalSection
EndGlobal
